
Microsoft Visual Studio Solution File, Format Version 12.00
# Visual Studio Version 16
VisualStudioVersion = 16.0.810.0
MinimumVisualStudioVersion = 10.0.40219.1
Project("{FAE04EC0-301F-11D3-BF4B-00C04F79EFBC}") = "Microsoft.VisualStudio.AutoTest.Repl", "Microsoft.VisualStudio.AutoTest.Repl\Microsoft.VisualStudio.AutoTest.Repl.csproj", "{569EA447-2A80-48CE-B598-40147F00EA44}"
EndProject
Global
	GlobalSection(SolutionConfigurationPlatforms) = preSolution
		Debug|anycpu = Debug|anycpu
		Release|anycpu = Release|anycpu
	EndGlobalSection
	GlobalSection(ProjectConfigurationPlatforms) = postSolution
		{569EA447-2A80-48CE-B598-40147F00EA44}.Debug|anycpu.ActiveCfg = Debug|anycpu
		{569EA447-2A80-48CE-B598-40147F00EA44}.Debug|anycpu.Build.0 = Debug|anycpu
		{569EA447-2A80-48CE-B598-40147F00EA44}.Release|anycpu.ActiveCfg = Release|anycpu
		{569EA447-2A80-48CE-B598-40147F00EA44}.Release|anycpu.Build.0 = Release|anycpu
	EndGlobalSection
	GlobalSection(SolutionProperties) = preSolution
		HideSolutionNode = FALSE
	EndGlobalSection
	GlobalSection(ExtensibilityGlobals) = postSolution
		SolutionGuid = {989E3AB3-C4B2-4310-AAC2-450E3FAA4C73}
	EndGlobalSection
EndGlobal
